// !$*UTF8*$!
{
	archiveVersion = 1;
	classes = {
	};
	objectVersion = 77;
	objects = {

/* Begin PBXBuildFile section */
		58F100012FC0000000000001 /* RokuricsLiveActivities.appex in Embed App Extensions */ = {isa = PBXBuildFile; fileRef = 58F100032FC0000000000003 /* RokuricsLiveActivities.appex */; settings = {ATTRIBUTES = (CodeSignOnCopy, RemoveHeadersOnCopy, ); }; };
/* End PBXBuildFile section */

/* Begin PBXContainerItemProxy section */
		58A089B62FB050430065EF5A /* PBXContainerItemProxy */ = {
			isa = PBXContainerItemProxy;
			containerPortal = 58E3151C2FADB91F0019DCDD /* Project object */;
			proxyType = 1;
			remoteGlobalIDString = 58A089A82FB050430065EF5A;
			remoteInfo = RokuricsMac;
		};
		58A089C02FB050430065EF5A /* PBXContainerItemProxy */ = {
			isa = PBXContainerItemProxy;
			containerPortal = 58E3151C2FADB91F0019DCDD /* Project object */;
			proxyType = 1;
			remoteGlobalIDString = 58A089A82FB050430065EF5A;
			remoteInfo = RokuricsMac;
		};
		58E315322FADB9210019DCDD /* PBXContainerItemProxy */ = {
			isa = PBXContainerItemProxy;
			containerPortal = 58E3151C2FADB91F0019DCDD /* Project object */;
			proxyType = 1;
			remoteGlobalIDString = 58E315232FADB91F0019DCDD;
			remoteInfo = Rokurics;
		};
		58E3153C2FADB9210019DCDD /* PBXContainerItemProxy */ = {
			isa = PBXContainerItemProxy;
			containerPortal = 58E3151C2FADB91F0019DCDD /* Project object */;
			proxyType = 1;
			remoteGlobalIDString = 58E315232FADB91F0019DCDD;
			remoteInfo = Rokurics;
		};
		58F100022FC0000000000002 /* PBXContainerItemProxy */ = {
			isa = PBXContainerItemProxy;
			containerPortal = 58E3151C2FADB91F0019DCDD /* Project object */;
			proxyType = 1;
			remoteGlobalIDString = 58F100072FC0000000000007;
			remoteInfo = RokuricsLiveActivities;
		};
/* End PBXContainerItemProxy section */

/* Begin PBXCopyFilesBuildPhase section */
		58F1000B2FC000000000000B /* Embed App Extensions */ = {
			isa = PBXCopyFilesBuildPhase;
			buildActionMask = 2147483647;
			dstPath = "";
			dstSubfolderSpec = 13;
			files = (
				58F100012FC0000000000001 /* RokuricsLiveActivities.appex in Embed App Extensions */,
			);
			name = "Embed App Extensions";
			runOnlyForDeploymentPostprocessing = 0;
		};
/* End PBXCopyFilesBuildPhase section */

/* Begin PBXFileReference section */
		58A089A92FB050430065EF5A /* RokuricsMac.app */ = {isa = PBXFileReference; explicitFileType = wrapper.application; includeInIndex = 0; path = RokuricsMac.app; sourceTree = BUILT_PRODUCTS_DIR; };
		58A089B52FB050430065EF5A /* RokuricsMacTests.xctest */ = {isa = PBXFileReference; explicitFileType = wrapper.cfbundle; includeInIndex = 0; path = RokuricsMacTests.xctest; sourceTree = BUILT_PRODUCTS_DIR; };
		58A089BF2FB050430065EF5A /* RokuricsMacUITests.xctest */ = {isa = PBXFileReference; explicitFileType = wrapper.cfbundle; includeInIndex = 0; path = RokuricsMacUITests.xctest; sourceTree = BUILT_PRODUCTS_DIR; };
		58E315242FADB91F0019DCDD /* Rokurics.app */ = {isa = PBXFileReference; explicitFileType = wrapper.application; includeInIndex = 0; path = Rokurics.app; sourceTree = BUILT_PRODUCTS_DIR; };
		58E315312FADB9210019DCDD /* RokuricsTests.xctest */ = {isa = PBXFileReference; explicitFileType = wrapper.cfbundle; includeInIndex = 0; path = RokuricsTests.xctest; sourceTree = BUILT_PRODUCTS_DIR; };
		58E3153B2FADB9210019DCDD /* RokuricsUITests.xctest */ = {isa = PBXFileReference; explicitFileType = wrapper.cfbundle; includeInIndex = 0; path = RokuricsUITests.xctest; sourceTree = BUILT_PRODUCTS_DIR; };
		58F100032FC0000000000003 /* RokuricsLiveActivities.appex */ = {isa = PBXFileReference; explicitFileType = "wrapper.app-extension"; includeInIndex = 0; path = RokuricsLiveActivities.appex; sourceTree = BUILT_PRODUCTS_DIR; };
/* End PBXFileReference section */

/* Begin PBXFileSystemSynchronizedBuildFileExceptionSet section */
		58F1000F2FC000000000000F /* Exceptions for "Rokurics" folder in "Rokurics" target */ = {
			isa = PBXFileSystemSynchronizedBuildFileExceptionSet;
			membershipExceptions = (
				Info.plist,
			);
			target = 58E315232FADB91F0019DCDD /* Rokurics */;
		};
		58F100102FC0000000000010 /* Exceptions for "RokuricsLiveActivities" folder in "RokuricsLiveActivities" target */ = {
			isa = PBXFileSystemSynchronizedBuildFileExceptionSet;
			membershipExceptions = (
				Info.plist,
			);
			target = 58F100072FC0000000000007 /* RokuricsLiveActivities */;
		};
/* End PBXFileSystemSynchronizedBuildFileExceptionSet section */

/* Begin PBXFileSystemSynchronizedRootGroup section */
		58A089AA2FB050430065EF5A /* RokuricsMac */ = {
			isa = PBXFileSystemSynchronizedRootGroup;
			path = RokuricsMac;
			sourceTree = "<group>";
		};
		58A089B82FB050430065EF5A /* RokuricsMacTests */ = {
			isa = PBXFileSystemSynchronizedRootGroup;
			path = RokuricsMacTests;
			sourceTree = "<group>";
		};
		58A089C22FB050430065EF5A /* RokuricsMacUITests */ = {
			isa = PBXFileSystemSynchronizedRootGroup;
			path = RokuricsMacUITests;
			sourceTree = "<group>";
		};
		58B200012FC200000000001 /* RokuricsShared */ = {
			isa = PBXFileSystemSynchronizedRootGroup;
			path = RokuricsShared;
			sourceTree = "<group>";
		};
		58E315262FADB91F0019DCDD /* Rokurics */ = {
			isa = PBXFileSystemSynchronizedRootGroup;
			exceptions = (
				58F1000F2FC000000000000F /* Exceptions for "Rokurics" folder in "Rokurics" target */,
			);
			path = Rokurics;
			sourceTree = "<group>";
		};
		58E315342FADB9210019DCDD /* RokuricsTests */ = {
			isa = PBXFileSystemSynchronizedRootGroup;
			path = RokuricsTests;
			sourceTree = "<group>";
		};
		58E3153E2FADB9210019DCDD /* RokuricsUITests */ = {
			isa = PBXFileSystemSynchronizedRootGroup;
			path = RokuricsUITests;
			sourceTree = "<group>";
		};
		58F100042FC0000000000004 /* RokuricsLiveActivities */ = {
			isa = PBXFileSystemSynchronizedRootGroup;
			exceptions = (
				58F100102FC0000000000010 /* Exceptions for "RokuricsLiveActivities" folder in "RokuricsLiveActivities" target */,
			);
			path = RokuricsLiveActivities;
			sourceTree = "<group>";
		};
		58F100052FC0000000000005 /* RokuricsLiveActivitiesShared */ = {
			isa = PBXFileSystemSynchronizedRootGroup;
			path = RokuricsLiveActivitiesShared;
			sourceTree = "<group>";
		};
/* End PBXFileSystemSynchronizedRootGroup section */

/* Begin PBXFrameworksBuildPhase section */
		58A089A62FB050430065EF5A /* Frameworks */ = {
			isa = PBXFrameworksBuildPhase;
			buildActionMask = 2147483647;
			files = (
			);
			runOnlyForDeploymentPostprocessing = 0;
		};
		58A089B22FB050430065EF5A /* Frameworks */ = {
			isa = PBXFrameworksBuildPhase;
			buildActionMask = 2147483647;
			files = (
			);
			runOnlyForDeploymentPostprocessing = 0;
		};
		58A089BC2FB050430065EF5A /* Frameworks */ = {
			isa = PBXFrameworksBuildPhase;
			buildActionMask = 2147483647;
			files = (
			);
			runOnlyForDeploymentPostprocessing = 0;
		};
		58E315212FADB91F0019DCDD /* Frameworks */ = {
			isa = PBXFrameworksBuildPhase;
			buildActionMask = 2147483647;
			files = (
			);
			runOnlyForDeploymentPostprocessing = 0;
		};
		58E3152E2FADB9210019DCDD /* Frameworks */ = {
			isa = PBXFrameworksBuildPhase;
			buildActionMask = 2147483647;
			files = (
			);
			runOnlyForDeploymentPostprocessing = 0;
		};
		58E315382FADB9210019DCDD /* Frameworks */ = {
			isa = PBXFrameworksBuildPhase;
			buildActionMask = 2147483647;
			files = (
			);
			runOnlyForDeploymentPostprocessing = 0;
		};
		58F100062FC0000000000006 /* Frameworks */ = {
			isa = PBXFrameworksBuildPhase;
			buildActionMask = 2147483647;
			files = (
			);
			runOnlyForDeploymentPostprocessing = 0;
		};
/* End PBXFrameworksBuildPhase section */

/* Begin PBXGroup section */
		58E3151B2FADB91F0019DCDD = {
			isa = PBXGroup;
			children = (
				58E315262FADB91F0019DCDD /* Rokurics */,
				58B200012FC200000000001 /* RokuricsShared */,
				58F100052FC0000000000005 /* RokuricsLiveActivitiesShared */,
				58F100042FC0000000000004 /* RokuricsLiveActivities */,
				58E315342FADB9210019DCDD /* RokuricsTests */,
				58E3153E2FADB9210019DCDD /* RokuricsUITests */,
				58A089AA2FB050430065EF5A /* RokuricsMac */,
				58A089B82FB050430065EF5A /* RokuricsMacTests */,
				58A089C22FB050430065EF5A /* RokuricsMacUITests */,
				58E315252FADB91F0019DCDD /* Products */,
			);
			sourceTree = "<group>";
		};
		58E315252FADB91F0019DCDD /* Products */ = {
			isa = PBXGroup;
			children = (
				58E315242FADB91F0019DCDD /* Rokurics.app */,
				58E315312FADB9210019DCDD /* RokuricsTests.xctest */,
				58E3153B2FADB9210019DCDD /* RokuricsUITests.xctest */,
				58A089A92FB050430065EF5A /* RokuricsMac.app */,
				58A089B52FB050430065EF5A /* RokuricsMacTests.xctest */,
				58A089BF2FB050430065EF5A /* RokuricsMacUITests.xctest */,
				58F100032FC0000000000003 /* RokuricsLiveActivities.appex */,
			);
			name = Products;
			sourceTree = "<group>";
		};
/* End PBXGroup section */

/* Begin PBXNativeTarget section */
		58A089A82FB050430065EF5A /* RokuricsMac */ = {
			isa = PBXNativeTarget;
			buildConfigurationList = 58A089CD2FB050430065EF5A /* Build configuration list for PBXNativeTarget "RokuricsMac" */;
			buildPhases = (
				58A089A52FB050430065EF5A /* Sources */,
				58A089A62FB050430065EF5A /* Frameworks */,
				58A089A72FB050430065EF5A /* Resources */,
				58B148001848000000000001 /* Embed whisper.cpp Helper */,
			);
			buildRules = (
			);
			dependencies = (
			);
			fileSystemSynchronizedGroups = (
				58A089AA2FB050430065EF5A /* RokuricsMac */,
				58B200012FC200000000001 /* RokuricsShared */,
			);
			name = RokuricsMac;
			packageProductDependencies = (
			);
			productName = RokuricsMac;
			productReference = 58A089A92FB050430065EF5A /* RokuricsMac.app */;
			productType = "com.apple.product-type.application";
		};
		58A089B42FB050430065EF5A /* RokuricsMacTests */ = {
			isa = PBXNativeTarget;
			buildConfigurationList = 58A089CE2FB050430065EF5A /* Build configuration list for PBXNativeTarget "RokuricsMacTests" */;
			buildPhases = (
				58A089B12FB050430065EF5A /* Sources */,
				58A089B22FB050430065EF5A /* Frameworks */,
				58A089B32FB050430065EF5A /* Resources */,
			);
			buildRules = (
			);
			dependencies = (
				58A089B72FB050430065EF5A /* PBXTargetDependency */,
			);
			fileSystemSynchronizedGroups = (
				58A089B82FB050430065EF5A /* RokuricsMacTests */,
			);
			name = RokuricsMacTests;
			packageProductDependencies = (
			);
			productName = RokuricsMacTests;
			productReference = 58A089B52FB050430065EF5A /* RokuricsMacTests.xctest */;
			productType = "com.apple.product-type.bundle.unit-test";
		};
		58A089BE2FB050430065EF5A /* RokuricsMacUITests */ = {
			isa = PBXNativeTarget;
			buildConfigurationList = 58A089CF2FB050430065EF5A /* Build configuration list for PBXNativeTarget "RokuricsMacUITests" */;
			buildPhases = (
				58A089BB2FB050430065EF5A /* Sources */,
				58A089BC2FB050430065EF5A /* Frameworks */,
				58A089BD2FB050430065EF5A /* Resources */,
			);
			buildRules = (
			);
			dependencies = (
				58A089C12FB050430065EF5A /* PBXTargetDependency */,
			);
			fileSystemSynchronizedGroups = (
				58A089C22FB050430065EF5A /* RokuricsMacUITests */,
			);
			name = RokuricsMacUITests;
			packageProductDependencies = (
			);
			productName = RokuricsMacUITests;
			productReference = 58A089BF2FB050430065EF5A /* RokuricsMacUITests.xctest */;
			productType = "com.apple.product-type.bundle.ui-testing";
		};
		58E315232FADB91F0019DCDD /* Rokurics */ = {
			isa = PBXNativeTarget;
			buildConfigurationList = 58E315452FADB9210019DCDD /* Build configuration list for PBXNativeTarget "Rokurics" */;
			buildPhases = (
				58E315202FADB91F0019DCDD /* Sources */,
				58E315212FADB91F0019DCDD /* Frameworks */,
				58E315222FADB91F0019DCDD /* Resources */,
				58F1000B2FC000000000000B /* Embed App Extensions */,
			);
			buildRules = (
			);
			dependencies = (
				58F1000A2FC000000000000A /* PBXTargetDependency */,
			);
			fileSystemSynchronizedGroups = (
				58B200012FC200000000001 /* RokuricsShared */,
				58E315262FADB91F0019DCDD /* Rokurics */,
				58F100052FC0000000000005 /* RokuricsLiveActivitiesShared */,
			);
			name = Rokurics;
			packageProductDependencies = (
			);
			productName = Rokurics;
			productReference = 58E315242FADB91F0019DCDD /* Rokurics.app */;
			productType = "com.apple.product-type.application";
		};
		58E315302FADB9210019DCDD /* RokuricsTests */ = {
			isa = PBXNativeTarget;
			buildConfigurationList = 58E315482FADB9210019DCDD /* Build configuration list for PBXNativeTarget "RokuricsTests" */;
			buildPhases = (
				58E3152D2FADB9210019DCDD /* Sources */,
				58E3152E2FADB9210019DCDD /* Frameworks */,
				58E3152F2FADB9210019DCDD /* Resources */,
			);
			buildRules = (
			);
			dependencies = (
				58E315332FADB9210019DCDD /* PBXTargetDependency */,
			);
			fileSystemSynchronizedGroups = (
				58E315342FADB9210019DCDD /* RokuricsTests */,
			);
			name = RokuricsTests;
			packageProductDependencies = (
			);
			productName = RokuricsTests;
			productReference = 58E315312FADB9210019DCDD /* RokuricsTests.xctest */;
			productType = "com.apple.product-type.bundle.unit-test";
		};
		58E3153A2FADB9210019DCDD /* RokuricsUITests */ = {
			isa = PBXNativeTarget;
			buildConfigurationList = 58E3154B2FADB9210019DCDD /* Build configuration list for PBXNativeTarget "RokuricsUITests" */;
			buildPhases = (
				58E315372FADB9210019DCDD /* Sources */,
				58E315382FADB9210019DCDD /* Frameworks */,
				58E315392FADB9210019DCDD /* Resources */,
			);
			buildRules = (
			);
			dependencies = (
				58E3153D2FADB9210019DCDD /* PBXTargetDependency */,
			);
			fileSystemSynchronizedGroups = (
				58E3153E2FADB9210019DCDD /* RokuricsUITests */,
			);
			name = RokuricsUITests;
			packageProductDependencies = (
			);
			productName = RokuricsUITests;
			productReference = 58E3153B2FADB9210019DCDD /* RokuricsUITests.xctest */;
			productType = "com.apple.product-type.bundle.ui-testing";
		};
		58F100072FC0000000000007 /* RokuricsLiveActivities */ = {
			isa = PBXNativeTarget;
			buildConfigurationList = 58F1000E2FC000000000000E /* Build configuration list for PBXNativeTarget "RokuricsLiveActivities" */;
			buildPhases = (
				58F100092FC0000000000009 /* Sources */,
				58F100062FC0000000000006 /* Frameworks */,
				58F100082FC0000000000008 /* Resources */,
			);
			buildRules = (
			);
			dependencies = (
			);
			fileSystemSynchronizedGroups = (
				58F100042FC0000000000004 /* RokuricsLiveActivities */,
				58F100052FC0000000000005 /* RokuricsLiveActivitiesShared */,
			);
			name = RokuricsLiveActivities;
			packageProductDependencies = (
			);
			productName = RokuricsLiveActivities;
			productReference = 58F100032FC0000000000003 /* RokuricsLiveActivities.appex */;
			productType = "com.apple.product-type.app-extension";
		};
/* End PBXNativeTarget section */

/* Begin PBXProject section */
		58E3151C2FADB91F0019DCDD /* Project object */ = {
			isa = PBXProject;
			attributes = {
				BuildIndependentTargetsInParallel = 1;
				LastSwiftUpdateCheck = 2640;
				LastUpgradeCheck = 2640;
				TargetAttributes = {
					58A089A82FB050430065EF5A = {
						CreatedOnToolsVersion = 26.4.1;
					};
					58A089B42FB050430065EF5A = {
						CreatedOnToolsVersion = 26.4.1;
						TestTargetID = 58A089A82FB050430065EF5A;
					};
					58A089BE2FB050430065EF5A = {
						CreatedOnToolsVersion = 26.4.1;
						TestTargetID = 58A089A82FB050430065EF5A;
					};
					58E315232FADB91F0019DCDD = {
						CreatedOnToolsVersion = 26.4.1;
					};
					58E315302FADB9210019DCDD = {
						CreatedOnToolsVersion = 26.4.1;
						TestTargetID = 58E315232FADB91F0019DCDD;
					};
					58E3153A2FADB9210019DCDD = {
						CreatedOnToolsVersion = 26.4.1;
						TestTargetID = 58E315232FADB91F0019DCDD;
					};
					58F100072FC0000000000007 = {
						CreatedOnToolsVersion = 26.4.1;
					};
				};
			};
			buildConfigurationList = 58E3151F2FADB91F0019DCDD /* Build configuration list for PBXProject "Rokurics" */;
			developmentRegion = en;
			hasScannedForEncodings = 0;
			knownRegions = (
				en,
				Base,
			);
			mainGroup = 58E3151B2FADB91F0019DCDD;
			minimizedProjectReferenceProxies = 1;
			preferredProjectObjectVersion = 77;
			productRefGroup = 58E315252FADB91F0019DCDD /* Products */;
			projectDirPath = "";
			projectRoot = "";
			targets = (
				58E315232FADB91F0019DCDD /* Rokurics */,
				58E315302FADB9210019DCDD /* RokuricsTests */,
				58E3153A2FADB9210019DCDD /* RokuricsUITests */,
				58A089A82FB050430065EF5A /* RokuricsMac */,
				58A089B42FB050430065EF5A /* RokuricsMacTests */,
				58A089BE2FB050430065EF5A /* RokuricsMacUITests */,
				58F100072FC0000000000007 /* RokuricsLiveActivities */,
			);
		};
/* End PBXProject section */

/* Begin PBXResourcesBuildPhase section */
		58A089A72FB050430065EF5A /* Resources */ = {
			isa = PBXResourcesBuildPhase;
			buildActionMask = 2147483647;
			files = (
			);
			runOnlyForDeploymentPostprocessing = 0;
		};
		58A089B32FB050430065EF5A /* Resources */ = {
			isa = PBXResourcesBuildPhase;
			buildActionMask = 2147483647;
			files = (
			);
			runOnlyForDeploymentPostprocessing = 0;
		};
		58A089BD2FB050430065EF5A /* Resources */ = {
			isa = PBXResourcesBuildPhase;
			buildActionMask = 2147483647;
			files = (
			);
			runOnlyForDeploymentPostprocessing = 0;
		};
		58E315222FADB91F0019DCDD /* Resources */ = {
			isa = PBXResourcesBuildPhase;
			buildActionMask = 2147483647;
			files = (
			);
			runOnlyForDeploymentPostprocessing = 0;
		};
		58E3152F2FADB9210019DCDD /* Resources */ = {
			isa = PBXResourcesBuildPhase;
			buildActionMask = 2147483647;
			files = (
			);
			runOnlyForDeploymentPostprocessing = 0;
		};
		58E315392FADB9210019DCDD /* Resources */ = {
			isa = PBXResourcesBuildPhase;
			buildActionMask = 2147483647;
			files = (
			);
			runOnlyForDeploymentPostprocessing = 0;
		};
		58F100082FC0000000000008 /* Resources */ = {
			isa = PBXResourcesBuildPhase;
			buildActionMask = 2147483647;
			files = (
			);
			runOnlyForDeploymentPostprocessing = 0;
		};
/* End PBXResourcesBuildPhase section */

/* Begin PBXShellScriptBuildPhase section */
		58B148001848000000000001 /* Embed whisper.cpp Helper */ = {
			isa = PBXShellScriptBuildPhase;
			alwaysOutOfDate = 1;
			buildActionMask = 2147483647;
			files = (
			);
			inputFileListPaths = (
			);
			inputPaths = (
				"$(SRCROOT)/Scripts/embed_whisper_helper.sh",
				"/Users/vita/ThirdParty/whisper.cpp/build/bin/whisper-cli",
				/Users/vita/ThirdParty/whisper.cpp/build/src/libwhisper.1.dylib,
				/Users/vita/ThirdParty/whisper.cpp/build/src/libwhisper.1.8.4.dylib,
				/Users/vita/ThirdParty/whisper.cpp/build/ggml/src/libggml.0.dylib,
				/Users/vita/ThirdParty/whisper.cpp/build/ggml/src/libggml.0.10.2.dylib,
				"/Users/vita/ThirdParty/whisper.cpp/build/ggml/src/libggml-base.0.dylib",
				"/Users/vita/ThirdParty/whisper.cpp/build/ggml/src/libggml-base.0.10.2.dylib",
				"/Users/vita/ThirdParty/whisper.cpp/build/ggml/src/libggml-cpu.0.dylib",
				"/Users/vita/ThirdParty/whisper.cpp/build/ggml/src/libggml-cpu.0.10.2.dylib",
				"/Users/vita/ThirdParty/whisper.cpp/build/ggml/src/ggml-blas/libggml-blas.0.dylib",
				"/Users/vita/ThirdParty/whisper.cpp/build/ggml/src/ggml-blas/libggml-blas.0.10.2.dylib",
				"/Users/vita/ThirdParty/whisper.cpp/build/ggml/src/ggml-metal/libggml-metal.0.dylib",
				"/Users/vita/ThirdParty/whisper.cpp/build/ggml/src/ggml-metal/libggml-metal.0.10.2.dylib",
			);
			name = "Embed whisper.cpp Helper";
			outputFileListPaths = (
			);
			outputPaths = (
				"$(TARGET_BUILD_DIR)/$(CONTENTS_FOLDER_PATH)/Helpers",
				"$(TARGET_BUILD_DIR)/$(FRAMEWORKS_FOLDER_PATH)/Whisper",
				"$(TARGET_BUILD_DIR)/$(CONTENTS_FOLDER_PATH)/Helpers/rokurics-whisper",
				"$(TARGET_BUILD_DIR)/$(FRAMEWORKS_FOLDER_PATH)/Whisper/libwhisper.1.dylib",
				"$(TARGET_BUILD_DIR)/$(FRAMEWORKS_FOLDER_PATH)/Whisper/libggml.0.dylib",
				"$(TARGET_BUILD_DIR)/$(FRAMEWORKS_FOLDER_PATH)/Whisper/libggml-base.0.dylib",
				"$(TARGET_BUILD_DIR)/$(FRAMEWORKS_FOLDER_PATH)/Whisper/libggml-cpu.0.dylib",
				"$(TARGET_BUILD_DIR)/$(FRAMEWORKS_FOLDER_PATH)/Whisper/libggml-blas.0.dylib",
				"$(TARGET_BUILD_DIR)/$(FRAMEWORKS_FOLDER_PATH)/Whisper/libggml-metal.0.dylib",
			);
			runOnlyForDeploymentPostprocessing = 0;
			shellPath = /bin/sh;
			shellScript = "/bin/sh \"$SRCROOT/Scripts/embed_whisper_helper.sh\"\n";
			showEnvVarsInLog = 0;
		};
/* End PBXShellScriptBuildPhase section */

/* Begin PBXSourcesBuildPhase section */
		58A089A52FB050430065EF5A /* Sources */ = {
			isa = PBXSourcesBuildPhase;
			buildActionMask = 2147483647;
			files = (
			);
			runOnlyForDeploymentPostprocessing = 0;
		};
		58A089B12FB050430065EF5A /* Sources */ = {
			isa = PBXSourcesBuildPhase;
			buildActionMask = 2147483647;
			files = (
			);
			runOnlyForDeploymentPostprocessing = 0;
		};
		58A089BB2FB050430065EF5A /* Sources */ = {
			isa = PBXSourcesBuildPhase;
			buildActionMask = 2147483647;
			files = (
			);
			runOnlyForDeploymentPostprocessing = 0;
		};
		58E315202FADB91F0019DCDD /* Sources */ = {
			isa = PBXSourcesBuildPhase;
			buildActionMask = 2147483647;
			files = (
			);
			runOnlyForDeploymentPostprocessing = 0;
		};
		58E3152D2FADB9210019DCDD /* Sources */ = {
			isa = PBXSourcesBuildPhase;
			buildActionMask = 2147483647;
			files = (
			);
			runOnlyForDeploymentPostprocessing = 0;
		};
		58E315372FADB9210019DCDD /* Sources */ = {
			isa = PBXSourcesBuildPhase;
			buildActionMask = 2147483647;
			files = (
			);
			runOnlyForDeploymentPostprocessing = 0;
		};
		58F100092FC0000000000009 /* Sources */ = {
			isa = PBXSourcesBuildPhase;
			buildActionMask = 2147483647;
			files = (
			);
			runOnlyForDeploymentPostprocessing = 0;
		};
/* End PBXSourcesBuildPhase section */

/* Begin PBXTargetDependency section */
		58A089B72FB050430065EF5A /* PBXTargetDependency */ = {
			isa = PBXTargetDependency;
			target = 58A089A82FB050430065EF5A /* RokuricsMac */;
			targetProxy = 58A089B62FB050430065EF5A /* PBXContainerItemProxy */;
		};
		58A089C12FB050430065EF5A /* PBXTargetDependency */ = {
			isa = PBXTargetDependency;
			target = 58A089A82FB050430065EF5A /* RokuricsMac */;
			targetProxy = 58A089C02FB050430065EF5A /* PBXContainerItemProxy */;
		};
		58E315332FADB9210019DCDD /* PBXTargetDependency */ = {
			isa = PBXTargetDependency;
			target = 58E315232FADB91F0019DCDD /* Rokurics */;
			targetProxy = 58E315322FADB9210019DCDD /* PBXContainerItemProxy */;
		};
		58E3153D2FADB9210019DCDD /* PBXTargetDependency */ = {
			isa = PBXTargetDependency;
			target = 58E315232FADB91F0019DCDD /* Rokurics */;
			targetProxy = 58E3153C2FADB9210019DCDD /* PBXContainerItemProxy */;
		};
		58F1000A2FC000000000000A /* PBXTargetDependency */ = {
			isa = PBXTargetDependency;
			target = 58F100072FC0000000000007 /* RokuricsLiveActivities */;
			targetProxy = 58F100022FC0000000000002 /* PBXContainerItemProxy */;
		};
/* End PBXTargetDependency section */

/* Begin XCBuildConfiguration section */
		58A089C72FB050430065EF5A /* Debug */ = {
			isa = XCBuildConfiguration;
			buildSettings = {
				ASSETCATALOG_COMPILER_APPICON_NAME = AppIcon;
				ASSETCATALOG_COMPILER_GLOBAL_ACCENT_COLOR_NAME = AccentColor;
				CODE_SIGN_ENTITLEMENTS = RokuricsMac/RokuricsMac.entitlements;
				CODE_SIGN_IDENTITY = "-";
				CODE_SIGN_STYLE = Manual;
				COMBINE_HIDPI_IMAGES = YES;
				CURRENT_PROJECT_VERSION = 1;
				DEVELOPMENT_TEAM = "";
				ENABLE_APP_SANDBOX = YES;
				ENABLE_HARDENED_RUNTIME = YES;
				ENABLE_INCOMING_NETWORK_CONNECTIONS = YES;
				ENABLE_OUTGOING_NETWORK_CONNECTIONS = YES;
				ENABLE_PREVIEWS = YES;
				ENABLE_RESOURCE_ACCESS_AUDIO_INPUT = NO;
				ENABLE_RESOURCE_ACCESS_BLUETOOTH = NO;
				ENABLE_RESOURCE_ACCESS_CALENDARS = NO;
				ENABLE_RESOURCE_ACCESS_CAMERA = NO;
				ENABLE_RESOURCE_ACCESS_CONTACTS = NO;
				ENABLE_RESOURCE_ACCESS_LOCATION = NO;
				ENABLE_RESOURCE_ACCESS_PRINTING = NO;
				ENABLE_RESOURCE_ACCESS_USB = NO;
				ENABLE_USER_SCRIPT_SANDBOXING = NO;
				ENABLE_USER_SELECTED_FILES = readonly;
				GENERATE_INFOPLIST_FILE = YES;
				INFOPLIST_KEY_CFBundleDisplayName = RokuricsMac;
				INFOPLIST_KEY_NSHumanReadableCopyright = "";
				LD_RUNPATH_SEARCH_PATHS = (
					"$(inherited)",
					"@executable_path/../Frameworks",
				);
				MACOSX_DEPLOYMENT_TARGET = 26.4;
				MARKETING_VERSION = 1.0;
				PRODUCT_BUNDLE_IDENTIFIER = com.Vita0818.RokuricsMac.local;
				PRODUCT_MODULE_NAME = RokuricsMac;
				PRODUCT_NAME = RokuricsMac;
				REGISTER_APP_GROUPS = YES;
				SDKROOT = macosx;
				STRING_CATALOG_GENERATE_SYMBOLS = YES;
				SWIFT_APPROACHABLE_CONCURRENCY = YES;
				SWIFT_DEFAULT_ACTOR_ISOLATION = MainActor;
				SWIFT_EMIT_LOC_STRINGS = YES;
				SWIFT_UPCOMING_FEATURE_MEMBER_IMPORT_VISIBILITY = YES;
				SWIFT_VERSION = 5.0;
			};
			name = Debug;
		};
		58A089C82FB050430065EF5A /* Release */ = {
			isa = XCBuildConfiguration;
			buildSettings = {
				ASSETCATALOG_COMPILER_APPICON_NAME = AppIcon;
				ASSETCATALOG_COMPILER_GLOBAL_ACCENT_COLOR_NAME = AccentColor;
				CODE_SIGN_ENTITLEMENTS = RokuricsMac/RokuricsMac.entitlements;
				CODE_SIGN_STYLE = Automatic;
				COMBINE_HIDPI_IMAGES = YES;
				CURRENT_PROJECT_VERSION = 1;
				DEVELOPMENT_TEAM = L5ZXXFUZTL;
				ENABLE_APP_SANDBOX = YES;
				ENABLE_HARDENED_RUNTIME = YES;
				ENABLE_INCOMING_NETWORK_CONNECTIONS = YES;
				ENABLE_OUTGOING_NETWORK_CONNECTIONS = YES;
				ENABLE_PREVIEWS = YES;
				ENABLE_RESOURCE_ACCESS_AUDIO_INPUT = NO;
				ENABLE_RESOURCE_ACCESS_BLUETOOTH = NO;
				ENABLE_RESOURCE_ACCESS_CALENDARS = NO;
				ENABLE_RESOURCE_ACCESS_CAMERA = NO;
				ENABLE_RESOURCE_ACCESS_CONTACTS = NO;
				ENABLE_RESOURCE_ACCESS_LOCATION = NO;
				ENABLE_RESOURCE_ACCESS_PRINTING = NO;
				ENABLE_RESOURCE_ACCESS_USB = NO;
				ENABLE_USER_SCRIPT_SANDBOXING = NO;
				ENABLE_USER_SELECTED_FILES = readonly;
				GENERATE_INFOPLIST_FILE = YES;
				INFOPLIST_KEY_NSHumanReadableCopyright = "";
				LD_RUNPATH_SEARCH_PATHS = (
					"$(inherited)",
					"@executable_path/../Frameworks",
				);
				MACOSX_DEPLOYMENT_TARGET = 26.4;
				MARKETING_VERSION = 1.0;
				PRODUCT_BUNDLE_IDENTIFIER = com.Vita0818.RokuricsMac;
				PRODUCT_MODULE_NAME = RokuricsMac;
				PRODUCT_NAME = "$(TARGET_NAME)";
				REGISTER_APP_GROUPS = YES;
				SDKROOT = macosx;
				STRING_CATALOG_GENERATE_SYMBOLS = YES;
				SWIFT_APPROACHABLE_CONCURRENCY = YES;
				SWIFT_DEFAULT_ACTOR_ISOLATION = MainActor;
				SWIFT_EMIT_LOC_STRINGS = YES;
				SWIFT_UPCOMING_FEATURE_MEMBER_IMPORT_VISIBILITY = YES;
				SWIFT_VERSION = 5.0;
			};
			name = Release;
		};
		58A089C92FB050430065EF5A /* Debug */ = {
			isa = XCBuildConfiguration;
			buildSettings = {
				BUNDLE_LOADER = "$(TEST_HOST)";
				CODE_SIGN_IDENTITY = "-";
				CODE_SIGN_STYLE = Manual;
				CURRENT_PROJECT_VERSION = 1;
				DEVELOPMENT_TEAM = "";
				GENERATE_INFOPLIST_FILE = YES;
				MACOSX_DEPLOYMENT_TARGET = 26.4;
				MARKETING_VERSION = 1.0;
				PRODUCT_BUNDLE_IDENTIFIER = com.Vita0818.RokuricsMac.localTests;
				PRODUCT_NAME = "$(TARGET_NAME)";
				SDKROOT = macosx;
				STRING_CATALOG_GENERATE_SYMBOLS = NO;
				SWIFT_APPROACHABLE_CONCURRENCY = YES;
				SWIFT_EMIT_LOC_STRINGS = NO;
				SWIFT_UPCOMING_FEATURE_MEMBER_IMPORT_VISIBILITY = YES;
				SWIFT_VERSION = 5.0;
				TEST_HOST = "$(BUILT_PRODUCTS_DIR)/RokuricsMac.app/$(BUNDLE_EXECUTABLE_FOLDER_PATH)/RokuricsMac";
			};
			name = Debug;
		};
		58A089CA2FB050430065EF5A /* Release */ = {
			isa = XCBuildConfiguration;
			buildSettings = {
				BUNDLE_LOADER = "$(TEST_HOST)";
				"CODE_SIGNING_ALLOWED[sdk=iphonesimulator*]" = NO;
				CODE_SIGN_STYLE = Automatic;
				CURRENT_PROJECT_VERSION = 1;
				DEVELOPMENT_TEAM = L5ZXXFUZTL;
				GENERATE_INFOPLIST_FILE = YES;
				MACOSX_DEPLOYMENT_TARGET = 26.4;
				MARKETING_VERSION = 1.0;
				PRODUCT_BUNDLE_IDENTIFIER = com.Vita0818.RokuricsMacTests;
				PRODUCT_NAME = "$(TARGET_NAME)";
				SDKROOT = macosx;
				STRING_CATALOG_GENERATE_SYMBOLS = NO;
				SWIFT_APPROACHABLE_CONCURRENCY = YES;
				SWIFT_EMIT_LOC_STRINGS = NO;
				SWIFT_UPCOMING_FEATURE_MEMBER_IMPORT_VISIBILITY = YES;
				SWIFT_VERSION = 5.0;
				TEST_HOST = "$(BUILT_PRODUCTS_DIR)/RokuricsMac.app/$(BUNDLE_EXECUTABLE_FOLDER_PATH)/RokuricsMac";
			};
			name = Release;
		};
		58A089CB2FB050430065EF5A /* Debug */ = {
			isa = XCBuildConfiguration;
			buildSettings = {
				CODE_SIGN_IDENTITY = "-";
				CODE_SIGN_STYLE = Manual;
				CURRENT_PROJECT_VERSION = 1;
				DEVELOPMENT_TEAM = "";
				GENERATE_INFOPLIST_FILE = YES;
				MACOSX_DEPLOYMENT_TARGET = 26.4;
				MARKETING_VERSION = 1.0;
				PRODUCT_BUNDLE_IDENTIFIER = com.Vita0818.RokuricsMac.localUITests;
				PRODUCT_NAME = "$(TARGET_NAME)";
				SDKROOT = macosx;
				STRING_CATALOG_GENERATE_SYMBOLS = NO;
				SWIFT_APPROACHABLE_CONCURRENCY = YES;
				SWIFT_EMIT_LOC_STRINGS = NO;
				SWIFT_UPCOMING_FEATURE_MEMBER_IMPORT_VISIBILITY = YES;
				SWIFT_VERSION = 5.0;
				TEST_TARGET_NAME = RokuricsMac;
			};
			name = Debug;
		};
		58A089CC2FB050430065EF5A /* Release */ = {
			isa = XCBuildConfiguration;
			buildSettings = {
				"CODE_SIGNING_ALLOWED[sdk=iphonesimulator*]" = NO;
				CODE_SIGN_STYLE = Automatic;
				CURRENT_PROJECT_VERSION = 1;
				DEVELOPMENT_TEAM = L5ZXXFUZTL;
				GENERATE_INFOPLIST_FILE = YES;
				MACOSX_DEPLOYMENT_TARGET = 26.4;
				MARKETING_VERSION = 1.0;
				PRODUCT_BUNDLE_IDENTIFIER = com.Vita0818.RokuricsMacUITests;
				PRODUCT_NAME = "$(TARGET_NAME)";
				SDKROOT = macosx;
				STRING_CATALOG_GENERATE_SYMBOLS = NO;
				SWIFT_APPROACHABLE_CONCURRENCY = YES;
				SWIFT_EMIT_LOC_STRINGS = NO;
				SWIFT_UPCOMING_FEATURE_MEMBER_IMPORT_VISIBILITY = YES;
				SWIFT_VERSION = 5.0;
				TEST_TARGET_NAME = RokuricsMac;
			};
			name = Release;
		};
		58E315432FADB9210019DCDD /* Debug */ = {
			isa = XCBuildConfiguration;
			buildSettings = {
				ALWAYS_SEARCH_USER_PATHS = NO;
				ASSETCATALOG_COMPILER_GENERATE_SWIFT_ASSET_SYMBOL_EXTENSIONS = YES;
				CLANG_ANALYZER_NONNULL = YES;
				CLANG_ANALYZER_NUMBER_OBJECT_CONVERSION = YES_AGGRESSIVE;
				CLANG_CXX_LANGUAGE_STANDARD = "gnu++20";
				CLANG_ENABLE_MODULES = YES;
				CLANG_ENABLE_OBJC_ARC = YES;
				CLANG_ENABLE_OBJC_WEAK = YES;
				CLANG_WARN_BLOCK_CAPTURE_AUTORELEASING = YES;
				CLANG_WARN_BOOL_CONVERSION = YES;
				CLANG_WARN_COMMA = YES;
				CLANG_WARN_CONSTANT_CONVERSION = YES;
				CLANG_WARN_DEPRECATED_OBJC_IMPLEMENTATIONS = YES;
				CLANG_WARN_DIRECT_OBJC_ISA_USAGE = YES_ERROR;
				CLANG_WARN_DOCUMENTATION_COMMENTS = YES;
				CLANG_WARN_EMPTY_BODY = YES;
				CLANG_WARN_ENUM_CONVERSION = YES;
				CLANG_WARN_INFINITE_RECURSION = YES;
				CLANG_WARN_INT_CONVERSION = YES;
				CLANG_WARN_NON_LITERAL_NULL_CONVERSION = YES;
				CLANG_WARN_OBJC_IMPLICIT_RETAIN_SELF = YES;
				CLANG_WARN_OBJC_LITERAL_CONVERSION = YES;
				CLANG_WARN_OBJC_ROOT_CLASS = YES_ERROR;
				CLANG_WARN_QUOTED_INCLUDE_IN_FRAMEWORK_HEADER = YES;
				CLANG_WARN_RANGE_LOOP_ANALYSIS = YES;
				CLANG_WARN_STRICT_PROTOTYPES = YES;
				CLANG_WARN_SUSPICIOUS_MOVE = YES;
				CLANG_WARN_UNGUARDED_AVAILABILITY = YES_AGGRESSIVE;
				CLANG_WARN_UNREACHABLE_CODE = YES;
				CLANG_WARN__DUPLICATE_METHOD_MATCH = YES;
				COPY_PHASE_STRIP = NO;
				DEBUG_INFORMATION_FORMAT = dwarf;
				DEVELOPMENT_TEAM = L5ZXXFUZTL;
				ENABLE_STRICT_OBJC_MSGSEND = YES;
				ENABLE_TESTABILITY = YES;
				ENABLE_USER_SCRIPT_SANDBOXING = YES;
				GCC_C_LANGUAGE_STANDARD = gnu17;
				GCC_DYNAMIC_NO_PIC = NO;
				GCC_NO_COMMON_BLOCKS = YES;
				GCC_OPTIMIZATION_LEVEL = 0;
				GCC_PREPROCESSOR_DEFINITIONS = (
					"DEBUG=1",
					"$(inherited)",
				);
				GCC_WARN_64_TO_32_BIT_CONVERSION = YES;
				GCC_WARN_ABOUT_RETURN_TYPE = YES_ERROR;
				GCC_WARN_UNDECLARED_SELECTOR = YES;
				GCC_WARN_UNINITIALIZED_AUTOS = YES_AGGRESSIVE;
				GCC_WARN_UNUSED_FUNCTION = YES;
				GCC_WARN_UNUSED_VARIABLE = YES;
				IPHONEOS_DEPLOYMENT_TARGET = 26.4;
				LOCALIZATION_PREFERS_STRING_CATALOGS = YES;
				MTL_ENABLE_DEBUG_INFO = INCLUDE_SOURCE;
				MTL_FAST_MATH = YES;
				ONLY_ACTIVE_ARCH = YES;
				SDKROOT = iphoneos;
				SWIFT_ACTIVE_COMPILATION_CONDITIONS = "DEBUG $(inherited)";
				SWIFT_OPTIMIZATION_LEVEL = "-Onone";
			};
			name = Debug;
		};
		58E315442FADB9210019DCDD /* Release */ = {
			isa = XCBuildConfiguration;
			buildSettings = {
				ALWAYS_SEARCH_USER_PATHS = NO;
				ASSETCATALOG_COMPILER_GENERATE_SWIFT_ASSET_SYMBOL_EXTENSIONS = YES;
				CLANG_ANALYZER_NONNULL = YES;
				CLANG_ANALYZER_NUMBER_OBJECT_CONVERSION = YES_AGGRESSIVE;
				CLANG_CXX_LANGUAGE_STANDARD = "gnu++20";
				CLANG_ENABLE_MODULES = YES;
				CLANG_ENABLE_OBJC_ARC = YES;
				CLANG_ENABLE_OBJC_WEAK = YES;
				CLANG_WARN_BLOCK_CAPTURE_AUTORELEASING = YES;
				CLANG_WARN_BOOL_CONVERSION = YES;
				CLANG_WARN_COMMA = YES;
				CLANG_WARN_CONSTANT_CONVERSION = YES;
				CLANG_WARN_DEPRECATED_OBJC_IMPLEMENTATIONS = YES;
				CLANG_WARN_DIRECT_OBJC_ISA_USAGE = YES_ERROR;
				CLANG_WARN_DOCUMENTATION_COMMENTS = YES;
				CLANG_WARN_EMPTY_BODY = YES;
				CLANG_WARN_ENUM_CONVERSION = YES;
				CLANG_WARN_INFINITE_RECURSION = YES;
				CLANG_WARN_INT_CONVERSION = YES;
				CLANG_WARN_NON_LITERAL_NULL_CONVERSION = YES;
				CLANG_WARN_OBJC_IMPLICIT_RETAIN_SELF = YES;
				CLANG_WARN_OBJC_LITERAL_CONVERSION = YES;
				CLANG_WARN_OBJC_ROOT_CLASS = YES_ERROR;
				CLANG_WARN_QUOTED_INCLUDE_IN_FRAMEWORK_HEADER = YES;
				CLANG_WARN_RANGE_LOOP_ANALYSIS = YES;
				CLANG_WARN_STRICT_PROTOTYPES = YES;
				CLANG_WARN_SUSPICIOUS_MOVE = YES;
				CLANG_WARN_UNGUARDED_AVAILABILITY = YES_AGGRESSIVE;
				CLANG_WARN_UNREACHABLE_CODE = YES;
				CLANG_WARN__DUPLICATE_METHOD_MATCH = YES;
				COPY_PHASE_STRIP = NO;
				DEBUG_INFORMATION_FORMAT = "dwarf-with-dsym";
				DEVELOPMENT_TEAM = L5ZXXFUZTL;
				ENABLE_NS_ASSERTIONS = NO;
				ENABLE_STRICT_OBJC_MSGSEND = YES;
				ENABLE_USER_SCRIPT_SANDBOXING = YES;
				GCC_C_LANGUAGE_STANDARD = gnu17;
				GCC_NO_COMMON_BLOCKS = YES;
				GCC_WARN_64_TO_32_BIT_CONVERSION = YES;
				GCC_WARN_ABOUT_RETURN_TYPE = YES_ERROR;
				GCC_WARN_UNDECLARED_SELECTOR = YES;
				GCC_WARN_UNINITIALIZED_AUTOS = YES_AGGRESSIVE;
				GCC_WARN_UNUSED_FUNCTION = YES;
				GCC_WARN_UNUSED_VARIABLE = YES;
				IPHONEOS_DEPLOYMENT_TARGET = 26.4;
				LOCALIZATION_PREFERS_STRING_CATALOGS = YES;
				MTL_ENABLE_DEBUG_INFO = NO;
				MTL_FAST_MATH = YES;
				SDKROOT = iphoneos;
				SWIFT_COMPILATION_MODE = wholemodule;
				VALIDATE_PRODUCT = YES;
			};
			name = Release;
		};
		58E315462FADB9210019DCDD /* Debug */ = {
			isa = XCBuildConfiguration;
			buildSettings = {
				ASSETCATALOG_COMPILER_APPICON_NAME = AppIcon;
				ASSETCATALOG_COMPILER_GLOBAL_ACCENT_COLOR_NAME = AccentColor;
				"CODE_SIGNING_ALLOWED[sdk=iphonesimulator*]" = NO;
				CODE_SIGN_STYLE = Automatic;
				CURRENT_PROJECT_VERSION = 1;
				DEVELOPMENT_TEAM = L5ZXXFUZTL;
				ENABLE_PREVIEWS = YES;
				GENERATE_INFOPLIST_FILE = NO;
				INFOPLIST_FILE = Rokurics/Info.plist;
				INFOPLIST_KEY_NSAppTransportSecurity = "{ NSAllowsLocalNetworking = YES; }";
				INFOPLIST_KEY_NSLocalNetworkUsageDescription = "Rokurics uses the local network to send recordings to your Mac.";
				INFOPLIST_KEY_NSMicrophoneUsageDescription = "Rokurics needs microphone access to record audio locally.";
				INFOPLIST_KEY_NSSupportsLiveActivities = YES;
				INFOPLIST_KEY_UIApplicationSceneManifest_Generation = YES;
				INFOPLIST_KEY_UIApplicationSupportsIndirectInputEvents = YES;
				INFOPLIST_KEY_UIBackgroundModes = audio;
				INFOPLIST_KEY_UILaunchScreen_Generation = YES;
				INFOPLIST_KEY_UISupportedInterfaceOrientations_iPad = "UIInterfaceOrientationPortrait UIInterfaceOrientationPortraitUpsideDown UIInterfaceOrientationLandscapeLeft UIInterfaceOrientationLandscapeRight";
				INFOPLIST_KEY_UISupportedInterfaceOrientations_iPhone = "UIInterfaceOrientationPortrait UIInterfaceOrientationLandscapeLeft UIInterfaceOrientationLandscapeRight";
				LD_RUNPATH_SEARCH_PATHS = (
					"$(inherited)",
					"@executable_path/Frameworks",
				);
				MARKETING_VERSION = 1.0;
				PRODUCT_BUNDLE_IDENTIFIER = com.Vita0818.Rokurics;
				PRODUCT_NAME = "$(TARGET_NAME)";
				STRING_CATALOG_GENERATE_SYMBOLS = YES;
				SWIFT_APPROACHABLE_CONCURRENCY = YES;
				SWIFT_DEFAULT_ACTOR_ISOLATION = MainActor;
				SWIFT_EMIT_LOC_STRINGS = YES;
				SWIFT_UPCOMING_FEATURE_MEMBER_IMPORT_VISIBILITY = YES;
				SWIFT_VERSION = 5.0;
				TARGETED_DEVICE_FAMILY = "1,2";
			};
			name = Debug;
		};
		58E315472FADB9210019DCDD /* Release */ = {
			isa = XCBuildConfiguration;
			buildSettings = {
				ASSETCATALOG_COMPILER_APPICON_NAME = AppIcon;
				ASSETCATALOG_COMPILER_GLOBAL_ACCENT_COLOR_NAME = AccentColor;
				"CODE_SIGNING_ALLOWED[sdk=iphonesimulator*]" = NO;
				CODE_SIGN_STYLE = Automatic;
				CURRENT_PROJECT_VERSION = 1;
				DEVELOPMENT_TEAM = L5ZXXFUZTL;
				ENABLE_PREVIEWS = YES;
				GENERATE_INFOPLIST_FILE = NO;
				INFOPLIST_FILE = Rokurics/Info.plist;
				INFOPLIST_KEY_NSAppTransportSecurity = "{ NSAllowsLocalNetworking = YES; }";
				INFOPLIST_KEY_NSLocalNetworkUsageDescription = "Rokurics uses the local network to send recordings to your Mac.";
				INFOPLIST_KEY_NSMicrophoneUsageDescription = "Rokurics needs microphone access to record audio locally.";
				INFOPLIST_KEY_NSSupportsLiveActivities = YES;
				INFOPLIST_KEY_UIApplicationSceneManifest_Generation = YES;
				INFOPLIST_KEY_UIApplicationSupportsIndirectInputEvents = YES;
				INFOPLIST_KEY_UIBackgroundModes = audio;
				INFOPLIST_KEY_UILaunchScreen_Generation = YES;
				INFOPLIST_KEY_UISupportedInterfaceOrientations_iPad = "UIInterfaceOrientationPortrait UIInterfaceOrientationPortraitUpsideDown UIInterfaceOrientationLandscapeLeft UIInterfaceOrientationLandscapeRight";
				INFOPLIST_KEY_UISupportedInterfaceOrientations_iPhone = "UIInterfaceOrientationPortrait UIInterfaceOrientationLandscapeLeft UIInterfaceOrientationLandscapeRight";
				LD_RUNPATH_SEARCH_PATHS = (
					"$(inherited)",
					"@executable_path/Frameworks",
				);
				MARKETING_VERSION = 1.0;
				PRODUCT_BUNDLE_IDENTIFIER = com.Vita0818.Rokurics;
				PRODUCT_NAME = "$(TARGET_NAME)";
				STRING_CATALOG_GENERATE_SYMBOLS = YES;
				SWIFT_APPROACHABLE_CONCURRENCY = YES;
				SWIFT_DEFAULT_ACTOR_ISOLATION = MainActor;
				SWIFT_EMIT_LOC_STRINGS = YES;
				SWIFT_UPCOMING_FEATURE_MEMBER_IMPORT_VISIBILITY = YES;
				SWIFT_VERSION = 5.0;
				TARGETED_DEVICE_FAMILY = "1,2";
			};
			name = Release;
		};
		58E315492FADB9210019DCDD /* Debug */ = {
			isa = XCBuildConfiguration;
			buildSettings = {
				BUNDLE_LOADER = "$(TEST_HOST)";
				"CODE_SIGNING_ALLOWED[sdk=iphonesimulator*]" = NO;
				CODE_SIGN_STYLE = Automatic;
				CURRENT_PROJECT_VERSION = 1;
				DEVELOPMENT_TEAM = L5ZXXFUZTL;
				GENERATE_INFOPLIST_FILE = YES;
				IPHONEOS_DEPLOYMENT_TARGET = 26.4;
				MARKETING_VERSION = 1.0;
				PRODUCT_BUNDLE_IDENTIFIER = com.Vita0818.RokuricsTests;
				PRODUCT_NAME = "$(TARGET_NAME)";
				STRING_CATALOG_GENERATE_SYMBOLS = NO;
				SWIFT_APPROACHABLE_CONCURRENCY = YES;
				SWIFT_EMIT_LOC_STRINGS = NO;
				SWIFT_UPCOMING_FEATURE_MEMBER_IMPORT_VISIBILITY = YES;
				SWIFT_VERSION = 5.0;
				TARGETED_DEVICE_FAMILY = "1,2";
				TEST_HOST = "$(BUILT_PRODUCTS_DIR)/Rokurics.app/$(BUNDLE_EXECUTABLE_FOLDER_PATH)/Rokurics";
			};
			name = Debug;
		};
		58E3154A2FADB9210019DCDD /* Release */ = {
			isa = XCBuildConfiguration;
			buildSettings = {
				BUNDLE_LOADER = "$(TEST_HOST)";
				"CODE_SIGNING_ALLOWED[sdk=iphonesimulator*]" = NO;
				CODE_SIGN_STYLE = Automatic;
				CURRENT_PROJECT_VERSION = 1;
				DEVELOPMENT_TEAM = L5ZXXFUZTL;
				GENERATE_INFOPLIST_FILE = YES;
				IPHONEOS_DEPLOYMENT_TARGET = 26.4;
				MARKETING_VERSION = 1.0;
				PRODUCT_BUNDLE_IDENTIFIER = com.Vita0818.RokuricsTests;
				PRODUCT_NAME = "$(TARGET_NAME)";
				STRING_CATALOG_GENERATE_SYMBOLS = NO;
				SWIFT_APPROACHABLE_CONCURRENCY = YES;
				SWIFT_EMIT_LOC_STRINGS = NO;
				SWIFT_UPCOMING_FEATURE_MEMBER_IMPORT_VISIBILITY = YES;
				SWIFT_VERSION = 5.0;
				TARGETED_DEVICE_FAMILY = "1,2";
				TEST_HOST = "$(BUILT_PRODUCTS_DIR)/Rokurics.app/$(BUNDLE_EXECUTABLE_FOLDER_PATH)/Rokurics";
			};
			name = Release;
		};
		58E3154C2FADB9210019DCDD /* Debug */ = {
			isa = XCBuildConfiguration;
			buildSettings = {
				"CODE_SIGNING_ALLOWED[sdk=iphonesimulator*]" = NO;
				CODE_SIGN_STYLE = Automatic;
				CURRENT_PROJECT_VERSION = 1;
				DEVELOPMENT_TEAM = L5ZXXFUZTL;
				GENERATE_INFOPLIST_FILE = YES;
				MARKETING_VERSION = 1.0;
				PRODUCT_BUNDLE_IDENTIFIER = com.Vita0818.RokuricsUITests;
				PRODUCT_NAME = "$(TARGET_NAME)";
				STRING_CATALOG_GENERATE_SYMBOLS = NO;
				SWIFT_APPROACHABLE_CONCURRENCY = YES;
				SWIFT_EMIT_LOC_STRINGS = NO;
				SWIFT_UPCOMING_FEATURE_MEMBER_IMPORT_VISIBILITY = YES;
				SWIFT_VERSION = 5.0;
				TARGETED_DEVICE_FAMILY = "1,2";
				TEST_TARGET_NAME = Rokurics;
			};
			name = Debug;
		};
		58E3154D2FADB9210019DCDD /* Release */ = {
			isa = XCBuildConfiguration;
			buildSettings = {
				"CODE_SIGNING_ALLOWED[sdk=iphonesimulator*]" = NO;
				CODE_SIGN_STYLE = Automatic;
				CURRENT_PROJECT_VERSION = 1;
				DEVELOPMENT_TEAM = L5ZXXFUZTL;
				GENERATE_INFOPLIST_FILE = YES;
				MARKETING_VERSION = 1.0;
				PRODUCT_BUNDLE_IDENTIFIER = com.Vita0818.RokuricsUITests;
				PRODUCT_NAME = "$(TARGET_NAME)";
				STRING_CATALOG_GENERATE_SYMBOLS = NO;
				SWIFT_APPROACHABLE_CONCURRENCY = YES;
				SWIFT_EMIT_LOC_STRINGS = NO;
				SWIFT_UPCOMING_FEATURE_MEMBER_IMPORT_VISIBILITY = YES;
				SWIFT_VERSION = 5.0;
				TARGETED_DEVICE_FAMILY = "1,2";
				TEST_TARGET_NAME = Rokurics;
			};
			name = Release;
		};
		58F1000C2FC000000000000C /* Debug */ = {
			isa = XCBuildConfiguration;
			buildSettings = {
				APPLICATION_EXTENSION_API_ONLY = YES;
				"CODE_SIGNING_ALLOWED[sdk=iphonesimulator*]" = NO;
				CODE_SIGN_STYLE = Automatic;
				CURRENT_PROJECT_VERSION = 1;
				DEVELOPMENT_TEAM = L5ZXXFUZTL;
				ENABLE_PREVIEWS = YES;
				GENERATE_INFOPLIST_FILE = NO;
				INFOPLIST_FILE = RokuricsLiveActivities/Info.plist;
				IPHONEOS_DEPLOYMENT_TARGET = 26.4;
				LD_RUNPATH_SEARCH_PATHS = (
					"$(inherited)",
					"@executable_path/Frameworks",
					"@executable_path/../../Frameworks",
				);
				MARKETING_VERSION = 1.0;
				PRODUCT_BUNDLE_IDENTIFIER = com.Vita0818.Rokurics.RokuricsLiveActivities;
				PRODUCT_NAME = "$(TARGET_NAME)";
				SDKROOT = iphoneos;
				SKIP_INSTALL = YES;
				STRING_CATALOG_GENERATE_SYMBOLS = YES;
				SWIFT_APPROACHABLE_CONCURRENCY = YES;
				SWIFT_DEFAULT_ACTOR_ISOLATION = MainActor;
				SWIFT_EMIT_LOC_STRINGS = YES;
				SWIFT_UPCOMING_FEATURE_MEMBER_IMPORT_VISIBILITY = YES;
				SWIFT_VERSION = 5.0;
				TARGETED_DEVICE_FAMILY = "1,2";
				WRAPPER_EXTENSION = appex;
			};
			name = Debug;
		};
		58F1000D2FC000000000000D /* Release */ = {
			isa = XCBuildConfiguration;
			buildSettings = {
				APPLICATION_EXTENSION_API_ONLY = YES;
				"CODE_SIGNING_ALLOWED[sdk=iphonesimulator*]" = NO;
				CODE_SIGN_STYLE = Automatic;
				CURRENT_PROJECT_VERSION = 1;
				DEVELOPMENT_TEAM = L5ZXXFUZTL;
				ENABLE_PREVIEWS = YES;
				GENERATE_INFOPLIST_FILE = NO;
				INFOPLIST_FILE = RokuricsLiveActivities/Info.plist;
				IPHONEOS_DEPLOYMENT_TARGET = 26.4;
				LD_RUNPATH_SEARCH_PATHS = (
					"$(inherited)",
					"@executable_path/Frameworks",
					"@executable_path/../../Frameworks",
				);
				MARKETING_VERSION = 1.0;
				PRODUCT_BUNDLE_IDENTIFIER = com.Vita0818.Rokurics.RokuricsLiveActivities;
				PRODUCT_NAME = "$(TARGET_NAME)";
				SDKROOT = iphoneos;
				SKIP_INSTALL = YES;
				STRING_CATALOG_GENERATE_SYMBOLS = YES;
				SWIFT_APPROACHABLE_CONCURRENCY = YES;
				SWIFT_DEFAULT_ACTOR_ISOLATION = MainActor;
				SWIFT_EMIT_LOC_STRINGS = YES;
				SWIFT_UPCOMING_FEATURE_MEMBER_IMPORT_VISIBILITY = YES;
				SWIFT_VERSION = 5.0;
				TARGETED_DEVICE_FAMILY = "1,2";
				WRAPPER_EXTENSION = appex;
			};
			name = Release;
		};
/* End XCBuildConfiguration section */

/* Begin XCConfigurationList section */
		58A089CD2FB050430065EF5A /* Build configuration list for PBXNativeTarget "RokuricsMac" */ = {
			isa = XCConfigurationList;
			buildConfigurations = (
				58A089C72FB050430065EF5A /* Debug */,
				58A089C82FB050430065EF5A /* Release */,
			);
			defaultConfigurationIsVisible = 0;
			defaultConfigurationName = Debug;
		};
		58A089CE2FB050430065EF5A /* Build configuration list for PBXNativeTarget "RokuricsMacTests" */ = {
			isa = XCConfigurationList;
			buildConfigurations = (
				58A089C92FB050430065EF5A /* Debug */,
				58A089CA2FB050430065EF5A /* Release */,
			);
			defaultConfigurationIsVisible = 0;
			defaultConfigurationName = Debug;
		};
		58A089CF2FB050430065EF5A /* Build configuration list for PBXNativeTarget "RokuricsMacUITests" */ = {
			isa = XCConfigurationList;
			buildConfigurations = (
				58A089CB2FB050430065EF5A /* Debug */,
				58A089CC2FB050430065EF5A /* Release */,
			);
			defaultConfigurationIsVisible = 0;
			defaultConfigurationName = Debug;
		};
		58E3151F2FADB91F0019DCDD /* Build configuration list for PBXProject "Rokurics" */ = {
			isa = XCConfigurationList;
			buildConfigurations = (
				58E315432FADB9210019DCDD /* Debug */,
				58E315442FADB9210019DCDD /* Release */,
			);
			defaultConfigurationIsVisible = 0;
			defaultConfigurationName = Debug;
		};
		58E315452FADB9210019DCDD /* Build configuration list for PBXNativeTarget "Rokurics" */ = {
			isa = XCConfigurationList;
			buildConfigurations = (
				58E315462FADB9210019DCDD /* Debug */,
				58E315472FADB9210019DCDD /* Release */,
			);
			defaultConfigurationIsVisible = 0;
			defaultConfigurationName = Debug;
		};
		58E315482FADB9210019DCDD /* Build configuration list for PBXNativeTarget "RokuricsTests" */ = {
			isa = XCConfigurationList;
			buildConfigurations = (
				58E315492FADB9210019DCDD /* Debug */,
				58E3154A2FADB9210019DCDD /* Release */,
			);
			defaultConfigurationIsVisible = 0;
			defaultConfigurationName = Debug;
		};
		58E3154B2FADB9210019DCDD /* Build configuration list for PBXNativeTarget "RokuricsUITests" */ = {
			isa = XCConfigurationList;
			buildConfigurations = (
				58E3154C2FADB9210019DCDD /* Debug */,
				58E3154D2FADB9210019DCDD /* Release */,
			);
			defaultConfigurationIsVisible = 0;
			defaultConfigurationName = Debug;
		};
		58F1000E2FC000000000000E /* Build configuration list for PBXNativeTarget "RokuricsLiveActivities" */ = {
			isa = XCConfigurationList;
			buildConfigurations = (
				58F1000C2FC000000000000C /* Debug */,
				58F1000D2FC000000000000D /* Release */,
			);
			defaultConfigurationIsVisible = 0;
			defaultConfigurationName = Debug;
		};
/* End XCConfigurationList section */
	};
	rootObject = 58E3151C2FADB91F0019DCDD /* Project object */;
}
